{
  "name": "diplomCollege",
  "lockfileVersion": 3,
  "requires": true,
  "packages": {
    "": {
      "dependencies": {
        "node-cron": "^4.0.7"
      }
    },
    "node_modules/node-cron": {
      "version": "4.0.7",
      "resolved": "https://registry.npmjs.org/node-cron/-/node-cron-4.0.7.tgz",
      "integrity": "sha512-A37UUDpxRT/kWanELr/oMayCWQFk9Zx9BEUoXrAKuKwKzH4XuAX+vMixMBPkgZBkADgJwXv91w5cMRTNSVP/mA==",
      "license": "ISC",
      "engines": {
        "node": ">=6.0.0"
      }
    }
  }
}
